
Microsoft Visual Studio Solution File, Format Version 12.00
# Visual Studio 14
VisualStudioVersion = 14.0.25420.1
MinimumVisualStudioVersion = 10.0.40219.1
Project("{FAE04EC0-301F-11D3-BF4B-00C04F79EFBC}") = "Power Wallpaper", "Power Wallpaper\Power Wallpaper.csproj", "{2F865DDF-251A-407A-BC03-367CF5ABB8E8}"
EndProject
Project("{FAE04EC0-301F-11D3-BF4B-00C04F79EFBC}") = "WallpaperWPF", "WallpaperWPF\WallpaperWPF.csproj", "{36858DC1-B856-40CB-B215-88AEEB62C90E}"
EndProject
Global
	GlobalSection(SolutionConfigurationPlatforms) = preSolution
		Debug|Any CPU = Debug|Any CPU
		Release|Any CPU = Release|Any CPU
	EndGlobalSection
	GlobalSection(ProjectConfigurationPlatforms) = postSolution
		{2F865DDF-251A-407A-BC03-367CF5ABB8E8}.Debug|Any CPU.ActiveCfg = Debug|Any CPU
		{2F865DDF-251A-407A-BC03-367CF5ABB8E8}.Debug|Any CPU.Build.0 = Debug|Any CPU
		{2F865DDF-251A-407A-BC03-367CF5ABB8E8}.Release|Any CPU.ActiveCfg = Release|Any CPU
		{2F865DDF-251A-407A-BC03-367CF5ABB8E8}.Release|Any CPU.Build.0 = Release|Any CPU
		{36858DC1-B856-40CB-B215-88AEEB62C90E}.Debug|Any CPU.ActiveCfg = Debug|Any CPU
		{36858DC1-B856-40CB-B215-88AEEB62C90E}.Debug|Any CPU.Build.0 = Debug|Any CPU
		{36858DC1-B856-40CB-B215-88AEEB62C90E}.Release|Any CPU.ActiveCfg = Release|Any CPU
		{36858DC1-B856-40CB-B215-88AEEB62C90E}.Release|Any CPU.Build.0 = Release|Any CPU
	EndGlobalSection
	GlobalSection(SolutionProperties) = preSolution
		HideSolutionNode = FALSE
	EndGlobalSection
EndGlobal
